
Microsoft Visual Studio Solution File, Format Version 12.00
# Visual Studio Version 17
VisualStudioVersion = 17.4.33213.308
MinimumVisualStudioVersion = 10.0.40219.1
Project("{FAE04EC0-301F-11D3-BF4B-00C04F79EFBC}") = "qstn_5", "qstn_5\qstn_5.csproj", "{D8DA9E87-2147-4E26-A785-4A0217598C40}"
EndProject
Global
	GlobalSection(SolutionConfigurationPlatforms) = preSolution
		Debug|Any CPU = Debug|Any CPU
		Release|Any CPU = Release|Any CPU
	EndGlobalSection
	GlobalSection(ProjectConfigurationPlatforms) = postSolution
		{D8DA9E87-2147-4E26-A785-4A0217598C40}.Debug|Any CPU.ActiveCfg = Debug|Any CPU
		{D8DA9E87-2147-4E26-A785-4A0217598C40}.Debug|Any CPU.Build.0 = Debug|Any CPU
		{D8DA9E87-2147-4E26-A785-4A0217598C40}.Release|Any CPU.ActiveCfg = Release|Any CPU
		{D8DA9E87-2147-4E26-A785-4A0217598C40}.Release|Any CPU.Build.0 = Release|Any CPU
	EndGlobalSection
	GlobalSection(SolutionProperties) = preSolution
		HideSolutionNode = FALSE
	EndGlobalSection
	GlobalSection(ExtensibilityGlobals) = postSolution
		SolutionGuid = {FD9A22A2-5423-4F18-A80E-6B81F3A576F0}
	EndGlobalSection
EndGlobal
